
Microsoft Visual Studio Solution File, Format Version 12.00
Project("{FAE04EC0-301F-11D3-BF4B-00C04F79EFBC}") = "EnterStatistics", "EnterStatistics\EnterStatistics.csproj", "{FC423E25-001F-40FD-9141-312B738B0330}"
EndProject
Global
	GlobalSection(SolutionConfigurationPlatforms) = preSolution
		Debug|Any CPU = Debug|Any CPU
		Release|Any CPU = Release|Any CPU
	EndGlobalSection
	GlobalSection(ProjectConfigurationPlatforms) = postSolution
		{FC423E25-001F-40FD-9141-312B738B0330}.Debug|Any CPU.ActiveCfg = Debug|Any CPU
		{FC423E25-001F-40FD-9141-312B738B0330}.Debug|Any CPU.Build.0 = Debug|Any CPU
		{FC423E25-001F-40FD-9141-312B738B0330}.Release|Any CPU.ActiveCfg = Release|Any CPU
		{FC423E25-001F-40FD-9141-312B738B0330}.Release|Any CPU.Build.0 = Release|Any CPU
	EndGlobalSection
EndGlobal
